
Microsoft Visual Studio Solution File, Format Version 12.00
# Visual Studio 15
VisualStudioVersion = 15.0.27703.2042
MinimumVisualStudioVersion = 10.0.40219.1
Project("{8BC9CEB8-8B4A-11D0-8D11-00A0C91BC942}") = "WarTimes", "WarTimes\WarTimes.vcxproj", "{FF60EA70-1BD2-48E5-B885-11B31FC07049}"
	ProjectSection(ProjectDependencies) = postProject
		{E0B52AE7-E160-4D32-BF3F-910B785E5A8E} = {E0B52AE7-E160-4D32-BF3F-910B785E5A8E}
	EndProjectSection
EndProject
Project("{8BC9CEB8-8B4A-11D0-8D11-00A0C91BC942}") = "DirectXTK_Desktop_2017_Win10", "DXTK\DirectXTK_Desktop_2017_Win10.vcxproj", "{E0B52AE7-E160-4D32-BF3F-910B785E5A8E}"
EndProject
Project("{8BC9CEB8-8B4A-11D0-8D11-00A0C91BC942}") = "Service", "Service\Service.vcxproj", "{92C63E8F-B488-4079-A314-CC8F6AAE0CA9}"
	ProjectSection(ProjectDependencies) = postProject
		{E0B52AE7-E160-4D32-BF3F-910B785E5A8E} = {E0B52AE7-E160-4D32-BF3F-910B785E5A8E}
	EndProjectSection
EndProject
Global
	GlobalSection(SolutionConfigurationPlatforms) = preSolution
		Debug|x64 = Debug|x64
		Debug|x86 = Debug|x86
		Release|x64 = Release|x64
		Release|x86 = Release|x86
	EndGlobalSection
	GlobalSection(ProjectConfigurationPlatforms) = postSolution
		{FF60EA70-1BD2-48E5-B885-11B31FC07049}.Debug|x64.ActiveCfg = Debug|x64
		{FF60EA70-1BD2-48E5-B885-11B31FC07049}.Debug|x64.Build.0 = Debug|x64
		{FF60EA70-1BD2-48E5-B885-11B31FC07049}.Debug|x86.ActiveCfg = Debug|Win32
		{FF60EA70-1BD2-48E5-B885-11B31FC07049}.Debug|x86.Build.0 = Debug|Win32
		{FF60EA70-1BD2-48E5-B885-11B31FC07049}.Release|x64.ActiveCfg = Release|x64
		{FF60EA70-1BD2-48E5-B885-11B31FC07049}.Release|x64.Build.0 = Release|x64
		{FF60EA70-1BD2-48E5-B885-11B31FC07049}.Release|x86.ActiveCfg = Release|Win32
		{FF60EA70-1BD2-48E5-B885-11B31FC07049}.Release|x86.Build.0 = Release|Win32
		{E0B52AE7-E160-4D32-BF3F-910B785E5A8E}.Debug|x64.ActiveCfg = Debug|x64
		{E0B52AE7-E160-4D32-BF3F-910B785E5A8E}.Debug|x64.Build.0 = Debug|x64
		{E0B52AE7-E160-4D32-BF3F-910B785E5A8E}.Debug|x86.ActiveCfg = Debug|Win32
		{E0B52AE7-E160-4D32-BF3F-910B785E5A8E}.Debug|x86.Build.0 = Debug|Win32
		{E0B52AE7-E160-4D32-BF3F-910B785E5A8E}.Release|x64.ActiveCfg = Release|x64
		{E0B52AE7-E160-4D32-BF3F-910B785E5A8E}.Release|x64.Build.0 = Release|x64
		{E0B52AE7-E160-4D32-BF3F-910B785E5A8E}.Release|x86.ActiveCfg = Release|Win32
		{E0B52AE7-E160-4D32-BF3F-910B785E5A8E}.Release|x86.Build.0 = Release|Win32
		{92C63E8F-B488-4079-A314-CC8F6AAE0CA9}.Debug|x64.ActiveCfg = Debug|x64
		{92C63E8F-B488-4079-A314-CC8F6AAE0CA9}.Debug|x64.Build.0 = Debug|x64
		{92C63E8F-B488-4079-A314-CC8F6AAE0CA9}.Debug|x86.ActiveCfg = Debug|Win32
		{92C63E8F-B488-4079-A314-CC8F6AAE0CA9}.Debug|x86.Build.0 = Debug|Win32
		{92C63E8F-B488-4079-A314-CC8F6AAE0CA9}.Release|x64.ActiveCfg = Release|x64
		{92C63E8F-B488-4079-A314-CC8F6AAE0CA9}.Release|x64.Build.0 = Release|x64
		{92C63E8F-B488-4079-A314-CC8F6AAE0CA9}.Release|x86.ActiveCfg = Release|Win32
		{92C63E8F-B488-4079-A314-CC8F6AAE0CA9}.Release|x86.Build.0 = Release|Win32
	EndGlobalSection
	GlobalSection(SolutionProperties) = preSolution
		HideSolutionNode = FALSE
	EndGlobalSection
	GlobalSection(ExtensibilityGlobals) = postSolution
		SolutionGuid = {6967DE5E-92D7-4561-83FC-04DDE3D8648B}
	EndGlobalSection
EndGlobal
